// !$*UTF8*$!
{
	archiveVersion = 1;
	classes = {
	};
	objectVersion = 50;
	objects = {

/* Begin PBXBuildFile section */
		05C3ACDD21F56B5000EE742F /* AppDelegate.swift in Sources */ = {isa = PBXBuildFile; fileRef = 05C3ACDC21F56B5000EE742F /* AppDelegate.swift */; };
		05C3ACDF21F56B5000EE742F /* ViewController.swift in Sources */ = {isa = PBXBuildFile; fileRef = 05C3ACDE21F56B5000EE742F /* ViewController.swift */; };
		05C3ACE221F56B5000EE742F /* Main.storyboard in Resources */ = {isa = PBXBuildFile; fileRef = 05C3ACE021F56B5000EE742F /* Main.storyboard */; };
		05C3ACE421F56B5C00EE742F /* Assets.xcassets in Resources */ = {isa = PBXBuildFile; fileRef = 05C3ACE321F56B5C00EE742F /* Assets.xcassets */; };
		05C3ACE721F56B5C00EE742F /* LaunchScreen.storyboard in Resources */ = {isa = PBXBuildFile; fileRef = 05C3ACE521F56B5C00EE742F /* LaunchScreen.storyboard */; };
		05C3AD1221F6010500EE742F /* AudioKit.framework in Frameworks */ = {isa = PBXBuildFile; fileRef = 05C3AD1021F6010400EE742F /* AudioKit.framework */; };
		05C3AD1321F6010500EE742F /* AudioKitUI.framework in Frameworks */ = {isa = PBXBuildFile; fileRef = 05C3AD1121F6010400EE742F /* AudioKitUI.framework */; };
/* End PBXBuildFile section */

/* Begin PBXFileReference section */
		05C3ACD921F56B5000EE742F /* RecordApp.app */ = {isa = PBXFileReference; explicitFileType = wrapper.application; includeInIndex = 0; path = RecordApp.app; sourceTree = BUILT_PRODUCTS_DIR; };
		05C3ACDC21F56B5000EE742F /* AppDelegate.swift */ = {isa = PBXFileReference; lastKnownFileType = sourcecode.swift; path = AppDelegate.swift; sourceTree = "<group>"; };
		05C3ACDE21F56B5000EE742F /* ViewController.swift */ = {isa = PBXFileReference; lastKnownFileType = sourcecode.swift; path = ViewController.swift; sourceTree = "<group>"; };
		05C3ACE121F56B5000EE742F /* Base */ = {isa = PBXFileReference; lastKnownFileType = file.storyboard; name = Base; path = Base.lproj/Main.storyboard; sourceTree = "<group>"; };
		05C3ACE321F56B5C00EE742F /* Assets.xcassets */ = {isa = PBXFileReference; lastKnownFileType = folder.assetcatalog; path = Assets.xcassets; sourceTree = "<group>"; };
		05C3ACE621F56B5C00EE742F /* Base */ = {isa = PBXFileReference; lastKnownFileType = file.storyboard; name = Base; path = Base.lproj/LaunchScreen.storyboard; sourceTree = "<group>"; };
		05C3ACE821F56B5C00EE742F /* Info.plist */ = {isa = PBXFileReference; lastKnownFileType = text.plist.xml; path = Info.plist; sourceTree = "<group>"; };
		05C3AD1021F6010400EE742F /* AudioKit.framework */ = {isa = PBXFileReference; lastKnownFileType = wrapper.framework; path = AudioKit.framework; sourceTree = "<group>"; };
		05C3AD1121F6010400EE742F /* AudioKitUI.framework */ = {isa = PBXFileReference; lastKnownFileType = wrapper.framework; path = AudioKitUI.framework; sourceTree = "<group>"; };
/* End PBXFileReference section */

/* Begin PBXFrameworksBuildPhase section */
		05C3ACD621F56B5000EE742F /* Frameworks */ = {
			isa = PBXFrameworksBuildPhase;
			buildActionMask = 2147483647;
			files = (
				05C3AD1321F6010500EE742F /* AudioKitUI.framework in Frameworks */,
				05C3AD1221F6010500EE742F /* AudioKit.framework in Frameworks */,
			);
			runOnlyForDeploymentPostprocessing = 0;
		};
/* End PBXFrameworksBuildPhase section */

/* Begin PBXGroup section */
		05C3ACD021F56B5000EE742F = {
			isa = PBXGroup;
			children = (
				05C3ACDB21F56B5000EE742F /* RecordApp */,
				05C3AD0F21F6010400EE742F /* Frameworks */,
				05C3ACDA21F56B5000EE742F /* Products */,
			);
			sourceTree = "<group>";
		};
		05C3ACDA21F56B5000EE742F /* Products */ = {
			isa = PBXGroup;
			children = (
				05C3ACD921F56B5000EE742F /* RecordApp.app */,
			);
			name = Products;
			sourceTree = "<group>";
		};
		05C3ACDB21F56B5000EE742F /* RecordApp */ = {
			isa = PBXGroup;
			children = (
				05C3ACDC21F56B5000EE742F /* AppDelegate.swift */,
				05C3ACDE21F56B5000EE742F /* ViewController.swift */,
				05C3ACE021F56B5000EE742F /* Main.storyboard */,
				05C3ACE321F56B5C00EE742F /* Assets.xcassets */,
				05C3ACE521F56B5C00EE742F /* LaunchScreen.storyboard */,
				05C3ACE821F56B5C00EE742F /* Info.plist */,
			);
			path = RecordApp;
			sourceTree = "<group>";
		};
		05C3AD0F21F6010400EE742F /* Frameworks */ = {
			isa = PBXGroup;
			children = (
				05C3AD1021F6010400EE742F /* AudioKit.framework */,
				05C3AD1121F6010400EE742F /* AudioKitUI.framework */,
			);
			name = Frameworks;
			path = ../Frameworks;
			sourceTree = "<group>";
		};
/* End PBXGroup section */

/* Begin PBXNativeTarget section */
		05C3ACD821F56B5000EE742F /* RecordApp */ = {
			isa = PBXNativeTarget;
			buildConfigurationList = 05C3ACEB21F56B5C00EE742F /* Build configuration list for PBXNativeTarget "RecordApp" */;
			buildPhases = (
				05C3ACD521F56B5000EE742F /* Sources */,
				05C3ACD621F56B5000EE742F /* Frameworks */,
				05C3ACD721F56B5000EE742F /* Resources */,
			);
			buildRules = (
			);
			dependencies = (
			);
			name = RecordApp;
			productName = RecordApp;
			productReference = 05C3ACD921F56B5000EE742F /* RecordApp.app */;
			productType = "com.apple.product-type.application";
		};
/* End PBXNativeTarget section */

/* Begin PBXProject section */
		05C3ACD121F56B5000EE742F /* Project object */ = {
			isa = PBXProject;
			attributes = {
				LastSwiftUpdateCheck = 1010;
				LastUpgradeCheck = 1010;
				ORGANIZATIONNAME = Lucky;
				TargetAttributes = {
					05C3ACD821F56B5000EE742F = {
						CreatedOnToolsVersion = 10.1;
					};
				};
			};
			buildConfigurationList = 05C3ACD421F56B5000EE742F /* Build configuration list for PBXProject "RecordApp" */;
			compatibilityVersion = "Xcode 9.3";
			developmentRegion = en;
			hasScannedForEncodings = 0;
			knownRegions = (
				en,
				Base,
			);
			mainGroup = 05C3ACD021F56B5000EE742F;
			productRefGroup = 05C3ACDA21F56B5000EE742F /* Products */;
			projectDirPath = "";
			projectRoot = "";
			targets = (
				05C3ACD821F56B5000EE742F /* RecordApp */,
			);
		};
/* End PBXProject section */

/* Begin PBXResourcesBuildPhase section */
		05C3ACD721F56B5000EE742F /* Resources */ = {
			isa = PBXResourcesBuildPhase;
			buildActionMask = 2147483647;
			files = (
				05C3ACE721F56B5C00EE742F /* LaunchScreen.storyboard in Resources */,
				05C3ACE421F56B5C00EE742F /* Assets.xcassets in Resources */,
				05C3ACE221F56B5000EE742F /* Main.storyboard in Resources */,
			);
			runOnlyForDeploymentPostprocessing = 0;
		};
/* End PBXResourcesBuildPhase section */

/* Begin PBXSourcesBuildPhase section */
		05C3ACD521F56B5000EE742F /* Sources */ = {
			isa = PBXSourcesBuildPhase;
			buildActionMask = 2147483647;
			files = (
				05C3ACDF21F56B5000EE742F /* ViewController.swift in Sources */,
				05C3ACDD21F56B5000EE742F /* AppDelegate.swift in Sources */,
			);
			runOnlyForDeploymentPostprocessing = 0;
		};
/* End PBXSourcesBuildPhase section */

/* Begin PBXVariantGroup section */
		05C3ACE021F56B5000EE742F /* Main.storyboard */ = {
			isa = PBXVariantGroup;
			children = (
				05C3ACE121F56B5000EE742F /* Base */,
			);
			name = Main.storyboard;
			sourceTree = "<group>";
		};
		05C3ACE521F56B5C00EE742F /* LaunchScreen.storyboard */ = {
			isa = PBXVariantGroup;
			children = (
				05C3ACE621F56B5C00EE742F /* Base */,
			);
			name = LaunchScreen.storyboard;
			sourceTree = "<group>";
		};
/* End PBXVariantGroup section */

/* Begin XCBuildConfiguration section */
		05C3ACE921F56B5C00EE742F /* Debug */ = {
			isa = XCBuildConfiguration;
			buildSettings = {
				ALWAYS_SEARCH_USER_PATHS = NO;
				CLANG_ANALYZER_NONNULL = YES;
				CLANG_ANALYZER_NUMBER_OBJECT_CONVERSION = YES_AGGRESSIVE;
				CLANG_CXX_LANGUAGE_STANDARD = "gnu++14";
				CLANG_CXX_LIBRARY = "libc++";
				CLANG_ENABLE_MODULES = YES;
				CLANG_ENABLE_OBJC_ARC = YES;
				CLANG_ENABLE_OBJC_WEAK = YES;
				CLANG_WARN_BLOCK_CAPTURE_AUTORELEASING = YES;
				CLANG_WARN_BOOL_CONVERSION = YES;
				CLANG_WARN_COMMA = YES;
				CLANG_WARN_CONSTANT_CONVERSION = YES;
				CLANG_WARN_DEPRECATED_OBJC_IMPLEMENTATIONS = YES;
				CLANG_WARN_DIRECT_OBJC_ISA_USAGE = YES_ERROR;
				CLANG_WARN_DOCUMENTATION_COMMENTS = YES;
				CLANG_WARN_EMPTY_BODY = YES;
				CLANG_WARN_ENUM_CONVERSION = YES;
				CLANG_WARN_INFINITE_RECURSION = YES;
				CLANG_WARN_INT_CONVERSION = YES;
				CLANG_WARN_NON_LITERAL_NULL_CONVERSION = YES;
				CLANG_WARN_OBJC_IMPLICIT_RETAIN_SELF = YES;
				CLANG_WARN_OBJC_LITERAL_CONVERSION = YES;
				CLANG_WARN_OBJC_ROOT_CLASS = YES_ERROR;
				CLANG_WARN_RANGE_LOOP_ANALYSIS = YES;
				CLANG_WARN_STRICT_PROTOTYPES = YES;
				CLANG_WARN_SUSPICIOUS_MOVE = YES;
				CLANG_WARN_UNGUARDED_AVAILABILITY = YES_AGGRESSIVE;
				CLANG_WARN_UNREACHABLE_CODE = YES;
				CLANG_WARN__DUPLICATE_METHOD_MATCH = YES;
				CODE_SIGN_IDENTITY = "iPhone Developer";
				COPY_PHASE_STRIP = NO;
				DEBUG_INFORMATION_FORMAT = dwarf;
				ENABLE_STRICT_OBJC_MSGSEND = YES;
				ENABLE_TESTABILITY = YES;
				GCC_C_LANGUAGE_STANDARD = gnu11;
				GCC_DYNAMIC_NO_PIC = NO;
				GCC_NO_COMMON_BLOCKS = YES;
				GCC_OPTIMIZATION_LEVEL = 0;
				GCC_PREPROCESSOR_DEFINITIONS = (
					"DEBUG=1",
					"$(inherited)",
				);
				GCC_WARN_64_TO_32_BIT_CONVERSION = YES;
				GCC_WARN_ABOUT_RETURN_TYPE = YES_ERROR;
				GCC_WARN_UNDECLARED_SELECTOR = YES;
				GCC_WARN_UNINITIALIZED_AUTOS = YES_AGGRESSIVE;
				GCC_WARN_UNUSED_FUNCTION = YES;
				GCC_WARN_UNUSED_VARIABLE = YES;
				IPHONEOS_DEPLOYMENT_TARGET = 12.1;
				MTL_ENABLE_DEBUG_INFO = INCLUDE_SOURCE;
				MTL_FAST_MATH = YES;
				ONLY_ACTIVE_ARCH = YES;
				SDKROOT = iphoneos;
				SWIFT_ACTIVE_COMPILATION_CONDITIONS = DEBUG;
				SWIFT_OPTIMIZATION_LEVEL = "-Onone";
			};
			name = Debug;
		};
		05C3ACEA21F56B5C00EE742F /* Release */ = {
			isa = XCBuildConfiguration;
			buildSettings = {
				ALWAYS_SEARCH_USER_PATHS = NO;
				CLANG_ANALYZER_NONNULL = YES;
				CLANG_ANALYZER_NUMBER_OBJECT_CONVERSION = YES_AGGRESSIVE;
				CLANG_CXX_LANGUAGE_STANDARD = "gnu++14";
				CLANG_CXX_LIBRARY = "libc++";
				CLANG_ENABLE_MODULES = YES;
				CLANG_ENABLE_OBJC_ARC = YES;
				CLANG_ENABLE_OBJC_WEAK = YES;
				CLANG_WARN_BLOCK_CAPTURE_AUTORELEASING = YES;
				CLANG_WARN_BOOL_CONVERSION = YES;
				CLANG_WARN_COMMA = YES;
				CLANG_WARN_CONSTANT_CONVERSION = YES;
				CLANG_WARN_DEPRECATED_OBJC_IMPLEMENTATIONS = YES;
				CLANG_WARN_DIRECT_OBJC_ISA_USAGE = YES_ERROR;
				CLANG_WARN_DOCUMENTATION_COMMENTS = YES;
				CLANG_WARN_EMPTY_BODY = YES;
				CLANG_WARN_ENUM_CONVERSION = YES;
				CLANG_WARN_INFINITE_RECURSION = YES;
				CLANG_WARN_INT_CONVERSION = YES;
				CLANG_WARN_NON_LITERAL_NULL_CONVERSION = YES;
				CLANG_WARN_OBJC_IMPLICIT_RETAIN_SELF = YES;
				CLANG_WARN_OBJC_LITERAL_CONVERSION = YES;
				CLANG_WARN_OBJC_ROOT_CLASS = YES_ERROR;
				CLANG_WARN_RANGE_LOOP_ANALYSIS = YES;
				CLANG_WARN_STRICT_PROTOTYPES = YES;
				CLANG_WARN_SUSPICIOUS_MOVE = YES;
				CLANG_WARN_UNGUARDED_AVAILABILITY = YES_AGGRESSIVE;
				CLANG_WARN_UNREACHABLE_CODE = YES;
				CLANG_WARN__DUPLICATE_METHOD_MATCH = YES;
				CODE_SIGN_IDENTITY = "iPhone Developer";
				COPY_PHASE_STRIP = NO;
				DEBUG_INFORMATION_FORMAT = "dwarf-with-dsym";
				ENABLE_NS_ASSERTIONS = NO;
				ENABLE_STRICT_OBJC_MSGSEND = YES;
				GCC_C_LANGUAGE_STANDARD = gnu11;
				GCC_NO_COMMON_BLOCKS = YES;
				GCC_WARN_64_TO_32_BIT_CONVERSION = YES;
				GCC_WARN_ABOUT_RETURN_TYPE = YES_ERROR;
				GCC_WARN_UNDECLARED_SELECTOR = YES;
				GCC_WARN_UNINITIALIZED_AUTOS = YES_AGGRESSIVE;
				GCC_WARN_UNUSED_FUNCTION = YES;
				GCC_WARN_UNUSED_VARIABLE = YES;
				IPHONEOS_DEPLOYMENT_TARGET = 12.1;
				MTL_ENABLE_DEBUG_INFO = NO;
				MTL_FAST_MATH = YES;
				SDKROOT = iphoneos;
				SWIFT_COMPILATION_MODE = wholemodule;
				SWIFT_OPTIMIZATION_LEVEL = "-O";
				VALIDATE_PRODUCT = YES;
			};
			name = Release;
		};
		05C3ACEC21F56B5C00EE742F /* Debug */ = {
			isa = XCBuildConfiguration;
			buildSettings = {
				ASSETCATALOG_COMPILER_APPICON_NAME = AppIcon;
				CODE_SIGN_STYLE = Manual;
				DEVELOPMENT_TEAM = 89PT6332P6;
				ENABLE_BITCODE = NO;
				FRAMEWORK_SEARCH_PATHS = "$(PROJECT_DIR)/../Frameworks";
				INFOPLIST_FILE = RecordApp/Info.plist;
				IPHONEOS_DEPLOYMENT_TARGET = 10.0;
				LD_RUNPATH_SEARCH_PATHS = (
					"$(inherited)",
					"@executable_path/Frameworks",
				);
				LIBRARY_SEARCH_PATHS = "$(inherited)";
				OTHER_LDFLAGS = (
					"$(inherited)",
					"-lstdc++",
				);
				PRODUCT_BUNDLE_IDENTIFIER = com.crowdbotics.RecordApp;
				PRODUCT_NAME = "$(TARGET_NAME)";
				PROVISIONING_PROFILE_SPECIFIER = Wildcard_MagicTime;
				SWIFT_VERSION = 4.2;
				TARGETED_DEVICE_FAMILY = "1,2";
				VALID_ARCHS = "arm64 armv7 armv7s";
			};
			name = Debug;
		};
		05C3ACED21F56B5C00EE742F /* Release */ = {
			isa = XCBuildConfiguration;
			buildSettings = {
				ASSETCATALOG_COMPILER_APPICON_NAME = AppIcon;
				CODE_SIGN_STYLE = Manual;
				DEVELOPMENT_TEAM = 89PT6332P6;
				ENABLE_BITCODE = NO;
				FRAMEWORK_SEARCH_PATHS = "$(PROJECT_DIR)/../Frameworks";
				INFOPLIST_FILE = RecordApp/Info.plist;
				IPHONEOS_DEPLOYMENT_TARGET = 10.0;
				LD_RUNPATH_SEARCH_PATHS = (
					"$(inherited)",
					"@executable_path/Frameworks",
				);
				LIBRARY_SEARCH_PATHS = "$(inherited)";
				OTHER_LDFLAGS = (
					"$(inherited)",
					"-lstdc++",
				);
				PRODUCT_BUNDLE_IDENTIFIER = com.crowdbotics.RecordApp;
				PRODUCT_NAME = "$(TARGET_NAME)";
				PROVISIONING_PROFILE_SPECIFIER = Wildcard_MagicTime;
				SWIFT_VERSION = 4.2;
				TARGETED_DEVICE_FAMILY = "1,2";
				VALID_ARCHS = "arm64 armv7 armv7s";
			};
			name = Release;
		};
/* End XCBuildConfiguration section */

/* Begin XCConfigurationList section */
		05C3ACD421F56B5000EE742F /* Build configuration list for PBXProject "RecordApp" */ = {
			isa = XCConfigurationList;
			buildConfigurations = (
				05C3ACE921F56B5C00EE742F /* Debug */,
				05C3ACEA21F56B5C00EE742F /* Release */,
			);
			defaultConfigurationIsVisible = 0;
			defaultConfigurationName = Release;
		};
		05C3ACEB21F56B5C00EE742F /* Build configuration list for PBXNativeTarget "RecordApp" */ = {
			isa = XCConfigurationList;
			buildConfigurations = (
				05C3ACEC21F56B5C00EE742F /* Debug */,
				05C3ACED21F56B5C00EE742F /* Release */,
			);
			defaultConfigurationIsVisible = 0;
			defaultConfigurationName = Release;
		};
/* End XCConfigurationList section */
	};
	rootObject = 05C3ACD121F56B5000EE742F /* Project object */;
}
